
Microsoft Visual Studio Solution File, Format Version 12.00
# Visual Studio Version 17
VisualStudioVersion = 17.6.33723.286
MinimumVisualStudioVersion = 10.0.40219.1
Project("{FAE04EC0-301F-11D3-BF4B-00C04F79EFBC}") = "WebApi.Integrator", "WebApi.Integrator\WebApi.Integrator.csproj", "{281C7AB6-7D43-49E9-968D-A16D9A3121A0}"
EndProject
Project("{FAE04EC0-301F-11D3-BF4B-00C04F79EFBC}") = "Core", "Core\Core.csproj", "{794A69AE-4EDC-48EE-82B1-9398CBE2D2D3}"
EndProject
Project("{FAE04EC0-301F-11D3-BF4B-00C04F79EFBC}") = "CrossCutting", "CrossCutting\CrossCutting.csproj", "{59CD0B45-722C-44E0-80E1-2942577121DE}"
EndProject
Project("{9A19103F-16F7-4668-BE54-9A1E7A4F7556}") = "Domain", "Domain\Domain.csproj", "{E8E40EEF-3243-4078-920A-C502FEF56797}"
EndProject
Global
	GlobalSection(SolutionConfigurationPlatforms) = preSolution
		Debug|Any CPU = Debug|Any CPU
		Release|Any CPU = Release|Any CPU
	EndGlobalSection
	GlobalSection(ProjectConfigurationPlatforms) = postSolution
		{281C7AB6-7D43-49E9-968D-A16D9A3121A0}.Debug|Any CPU.ActiveCfg = Debug|Any CPU
		{281C7AB6-7D43-49E9-968D-A16D9A3121A0}.Debug|Any CPU.Build.0 = Debug|Any CPU
		{281C7AB6-7D43-49E9-968D-A16D9A3121A0}.Release|Any CPU.ActiveCfg = Release|Any CPU
		{281C7AB6-7D43-49E9-968D-A16D9A3121A0}.Release|Any CPU.Build.0 = Release|Any CPU
		{794A69AE-4EDC-48EE-82B1-9398CBE2D2D3}.Debug|Any CPU.ActiveCfg = Debug|Any CPU
		{794A69AE-4EDC-48EE-82B1-9398CBE2D2D3}.Debug|Any CPU.Build.0 = Debug|Any CPU
		{794A69AE-4EDC-48EE-82B1-9398CBE2D2D3}.Release|Any CPU.ActiveCfg = Release|Any CPU
		{794A69AE-4EDC-48EE-82B1-9398CBE2D2D3}.Release|Any CPU.Build.0 = Release|Any CPU
		{59CD0B45-722C-44E0-80E1-2942577121DE}.Debug|Any CPU.ActiveCfg = Debug|Any CPU
		{59CD0B45-722C-44E0-80E1-2942577121DE}.Debug|Any CPU.Build.0 = Debug|Any CPU
		{59CD0B45-722C-44E0-80E1-2942577121DE}.Release|Any CPU.ActiveCfg = Release|Any CPU
		{59CD0B45-722C-44E0-80E1-2942577121DE}.Release|Any CPU.Build.0 = Release|Any CPU
		{E8E40EEF-3243-4078-920A-C502FEF56797}.Debug|Any CPU.ActiveCfg = Debug|Any CPU
		{E8E40EEF-3243-4078-920A-C502FEF56797}.Debug|Any CPU.Build.0 = Debug|Any CPU
		{E8E40EEF-3243-4078-920A-C502FEF56797}.Release|Any CPU.ActiveCfg = Release|Any CPU
		{E8E40EEF-3243-4078-920A-C502FEF56797}.Release|Any CPU.Build.0 = Release|Any CPU
	EndGlobalSection
	GlobalSection(SolutionProperties) = preSolution
		HideSolutionNode = FALSE
	EndGlobalSection
	GlobalSection(ExtensibilityGlobals) = postSolution
		SolutionGuid = {E29D88E9-87B2-40AB-B4B1-19B5E2FEB01A}
	EndGlobalSection
EndGlobal
