
Microsoft Visual Studio Solution File, Format Version 12.00
# Visual Studio Version 17
VisualStudioVersion = 17.6.33723.286
MinimumVisualStudioVersion = 10.0.40219.1
Project("{9A19103F-16F7-4668-BE54-9A1E7A4F7556}") = "WebApi.Integrator", "WebApi.Integrator\WebApi.Integrator.csproj", "{281C7AB6-7D43-49E9-968D-A16D9A3121A0}"
EndProject
Project("{9A19103F-16F7-4668-BE54-9A1E7A4F7556}") = "Core", "Core\Core.csproj", "{794A69AE-4EDC-48EE-82B1-9398CBE2D2D3}"
EndProject
Project("{9A19103F-16F7-4668-BE54-9A1E7A4F7556}") = "CrossCutting", "CrossCutting\CrossCutting.csproj", "{59CD0B45-722C-44E0-80E1-2942577121DE}"
EndProject
Project("{9A19103F-16F7-4668-BE54-9A1E7A4F7556}") = "Domain", "Domain\Domain.csproj", "{E8E40EEF-3243-4078-920A-C502FEF56797}"
EndProject
Project("{2150E333-8FDC-42A3-9474-1A3956D46DE8}") = "src", "src", "{6810152B-B14A-4725-A0B5-06FF69DD430D}"
EndProject
Project("{2150E333-8FDC-42A3-9474-1A3956D46DE8}") = "tests", "tests", "{A885213D-EE05-4BB1-ADCF-2FAAF06CD6D2}"
EndProject
Project("{9A19103F-16F7-4668-BE54-9A1E7A4F7556}") = "WebApi.Integrator.FuncTests", "WebApi.Integrator.FuncTests\WebApi.Integrator.FuncTests.csproj", "{8BD883FC-293A-4F59-93E5-C17E4D4A202F}"
EndProject
Project("{2150E333-8FDC-42A3-9474-1A3956D46DE8}") = "backend", "backend", "{8AE49323-CD9A-4249-9A52-ECF64737299D}"
EndProject
Project("{2150E333-8FDC-42A3-9474-1A3956D46DE8}") = "backend", "backend", "{F2772E5E-7A4F-46DB-B036-0AC6D08F01D1}"
EndProject
Project("{2150E333-8FDC-42A3-9474-1A3956D46DE8}") = "frontend", "frontend", "{3EE6880F-D3C8-4EFD-9E6C-8646DFC39BCF}"
EndProject
Project("{9A19103F-16F7-4668-BE54-9A1E7A4F7556}") = "PrivateChat.Console", "PrivateChat.Console\PrivateChat.Console.csproj", "{4078A68A-46B8-4839-A74F-EDFCD9828D3B}"
EndProject
Project("{2150E333-8FDC-42A3-9474-1A3956D46DE8}") = "Console", "Console", "{D3F827FB-A434-41F6-AE48-98E0466CB8B4}"
EndProject
Project("{9A19103F-16F7-4668-BE54-9A1E7A4F7556}") = "PrivateChat.Console.Core", "PrivateChat.Console.Core\PrivateChat.Console.Core.csproj", "{1E07631E-1094-4B7C-BC4A-6D0C41478DAD}"
EndProject
Project("{2150E333-8FDC-42A3-9474-1A3956D46DE8}") = "Blazor", "Blazor", "{787EA76C-89AB-47DB-89AB-6C3B769A517A}"
EndProject
Project("{FAE04EC0-301F-11D3-BF4B-00C04F79EFBC}") = "PrivateChat.Blazor", "PrivateChat.Blazor\PrivateChat.Blazor.csproj", "{4AD4ADF2-2904-44EA-88DC-3C98074C9908}"
EndProject
Project("{2150E333-8FDC-42A3-9474-1A3956D46DE8}") = "MaUI", "MaUI", "{648ADE63-DABF-4F0F-9BAB-82720C9CA41A}"
EndProject
Project("{FAE04EC0-301F-11D3-BF4B-00C04F79EFBC}") = "PrivateChat.MaUI", "PrivateChat.MaUI\PrivateChat.MaUI.csproj", "{B7748D3F-9CFF-479D-904D-EF893C391A90}"
EndProject
Project("{FAE04EC0-301F-11D3-BF4B-00C04F79EFBC}") = "PrivateChat.Core", "PrivateChat.Core\PrivateChat.Core.csproj", "{C74B350A-FB6A-443C-9CE9-DA92A7ACF424}"
EndProject
Global
	GlobalSection(SolutionConfigurationPlatforms) = preSolution
		Debug|Any CPU = Debug|Any CPU
		Release|Any CPU = Release|Any CPU
	EndGlobalSection
	GlobalSection(ProjectConfigurationPlatforms) = postSolution
		{281C7AB6-7D43-49E9-968D-A16D9A3121A0}.Debug|Any CPU.ActiveCfg = Debug|Any CPU
		{281C7AB6-7D43-49E9-968D-A16D9A3121A0}.Debug|Any CPU.Build.0 = Debug|Any CPU
		{281C7AB6-7D43-49E9-968D-A16D9A3121A0}.Release|Any CPU.ActiveCfg = Release|Any CPU
		{281C7AB6-7D43-49E9-968D-A16D9A3121A0}.Release|Any CPU.Build.0 = Release|Any CPU
		{794A69AE-4EDC-48EE-82B1-9398CBE2D2D3}.Debug|Any CPU.ActiveCfg = Debug|Any CPU
		{794A69AE-4EDC-48EE-82B1-9398CBE2D2D3}.Debug|Any CPU.Build.0 = Debug|Any CPU
		{794A69AE-4EDC-48EE-82B1-9398CBE2D2D3}.Release|Any CPU.ActiveCfg = Release|Any CPU
		{794A69AE-4EDC-48EE-82B1-9398CBE2D2D3}.Release|Any CPU.Build.0 = Release|Any CPU
		{59CD0B45-722C-44E0-80E1-2942577121DE}.Debug|Any CPU.ActiveCfg = Debug|Any CPU
		{59CD0B45-722C-44E0-80E1-2942577121DE}.Debug|Any CPU.Build.0 = Debug|Any CPU
		{59CD0B45-722C-44E0-80E1-2942577121DE}.Release|Any CPU.ActiveCfg = Release|Any CPU
		{59CD0B45-722C-44E0-80E1-2942577121DE}.Release|Any CPU.Build.0 = Release|Any CPU
		{E8E40EEF-3243-4078-920A-C502FEF56797}.Debug|Any CPU.ActiveCfg = Debug|Any CPU
		{E8E40EEF-3243-4078-920A-C502FEF56797}.Debug|Any CPU.Build.0 = Debug|Any CPU
		{E8E40EEF-3243-4078-920A-C502FEF56797}.Release|Any CPU.ActiveCfg = Release|Any CPU
		{E8E40EEF-3243-4078-920A-C502FEF56797}.Release|Any CPU.Build.0 = Release|Any CPU
		{8BD883FC-293A-4F59-93E5-C17E4D4A202F}.Debug|Any CPU.ActiveCfg = Debug|Any CPU
		{8BD883FC-293A-4F59-93E5-C17E4D4A202F}.Debug|Any CPU.Build.0 = Debug|Any CPU
		{8BD883FC-293A-4F59-93E5-C17E4D4A202F}.Release|Any CPU.ActiveCfg = Release|Any CPU
		{8BD883FC-293A-4F59-93E5-C17E4D4A202F}.Release|Any CPU.Build.0 = Release|Any CPU
		{4078A68A-46B8-4839-A74F-EDFCD9828D3B}.Debug|Any CPU.ActiveCfg = Debug|Any CPU
		{4078A68A-46B8-4839-A74F-EDFCD9828D3B}.Debug|Any CPU.Build.0 = Debug|Any CPU
		{4078A68A-46B8-4839-A74F-EDFCD9828D3B}.Release|Any CPU.ActiveCfg = Release|Any CPU
		{4078A68A-46B8-4839-A74F-EDFCD9828D3B}.Release|Any CPU.Build.0 = Release|Any CPU
		{1E07631E-1094-4B7C-BC4A-6D0C41478DAD}.Debug|Any CPU.ActiveCfg = Debug|Any CPU
		{1E07631E-1094-4B7C-BC4A-6D0C41478DAD}.Debug|Any CPU.Build.0 = Debug|Any CPU
		{1E07631E-1094-4B7C-BC4A-6D0C41478DAD}.Release|Any CPU.ActiveCfg = Release|Any CPU
		{1E07631E-1094-4B7C-BC4A-6D0C41478DAD}.Release|Any CPU.Build.0 = Release|Any CPU
		{4AD4ADF2-2904-44EA-88DC-3C98074C9908}.Debug|Any CPU.ActiveCfg = Debug|Any CPU
		{4AD4ADF2-2904-44EA-88DC-3C98074C9908}.Debug|Any CPU.Build.0 = Debug|Any CPU
		{4AD4ADF2-2904-44EA-88DC-3C98074C9908}.Release|Any CPU.ActiveCfg = Release|Any CPU
		{4AD4ADF2-2904-44EA-88DC-3C98074C9908}.Release|Any CPU.Build.0 = Release|Any CPU
		{B7748D3F-9CFF-479D-904D-EF893C391A90}.Debug|Any CPU.ActiveCfg = Debug|Any CPU
		{B7748D3F-9CFF-479D-904D-EF893C391A90}.Debug|Any CPU.Build.0 = Debug|Any CPU
		{B7748D3F-9CFF-479D-904D-EF893C391A90}.Debug|Any CPU.Deploy.0 = Debug|Any CPU
		{B7748D3F-9CFF-479D-904D-EF893C391A90}.Release|Any CPU.ActiveCfg = Release|Any CPU
		{B7748D3F-9CFF-479D-904D-EF893C391A90}.Release|Any CPU.Build.0 = Release|Any CPU
		{B7748D3F-9CFF-479D-904D-EF893C391A90}.Release|Any CPU.Deploy.0 = Release|Any CPU
		{C74B350A-FB6A-443C-9CE9-DA92A7ACF424}.Debug|Any CPU.ActiveCfg = Debug|Any CPU
		{C74B350A-FB6A-443C-9CE9-DA92A7ACF424}.Debug|Any CPU.Build.0 = Debug|Any CPU
		{C74B350A-FB6A-443C-9CE9-DA92A7ACF424}.Release|Any CPU.ActiveCfg = Release|Any CPU
		{C74B350A-FB6A-443C-9CE9-DA92A7ACF424}.Release|Any CPU.Build.0 = Release|Any CPU
	EndGlobalSection
	GlobalSection(SolutionProperties) = preSolution
		HideSolutionNode = FALSE
	EndGlobalSection
	GlobalSection(NestedProjects) = preSolution
		{281C7AB6-7D43-49E9-968D-A16D9A3121A0} = {8AE49323-CD9A-4249-9A52-ECF64737299D}
		{794A69AE-4EDC-48EE-82B1-9398CBE2D2D3} = {8AE49323-CD9A-4249-9A52-ECF64737299D}
		{59CD0B45-722C-44E0-80E1-2942577121DE} = {8AE49323-CD9A-4249-9A52-ECF64737299D}
		{E8E40EEF-3243-4078-920A-C502FEF56797} = {8AE49323-CD9A-4249-9A52-ECF64737299D}
		{8BD883FC-293A-4F59-93E5-C17E4D4A202F} = {F2772E5E-7A4F-46DB-B036-0AC6D08F01D1}
		{8AE49323-CD9A-4249-9A52-ECF64737299D} = {6810152B-B14A-4725-A0B5-06FF69DD430D}
		{F2772E5E-7A4F-46DB-B036-0AC6D08F01D1} = {A885213D-EE05-4BB1-ADCF-2FAAF06CD6D2}
		{3EE6880F-D3C8-4EFD-9E6C-8646DFC39BCF} = {6810152B-B14A-4725-A0B5-06FF69DD430D}
		{4078A68A-46B8-4839-A74F-EDFCD9828D3B} = {D3F827FB-A434-41F6-AE48-98E0466CB8B4}
		{D3F827FB-A434-41F6-AE48-98E0466CB8B4} = {3EE6880F-D3C8-4EFD-9E6C-8646DFC39BCF}
		{1E07631E-1094-4B7C-BC4A-6D0C41478DAD} = {D3F827FB-A434-41F6-AE48-98E0466CB8B4}
		{787EA76C-89AB-47DB-89AB-6C3B769A517A} = {3EE6880F-D3C8-4EFD-9E6C-8646DFC39BCF}
		{4AD4ADF2-2904-44EA-88DC-3C98074C9908} = {787EA76C-89AB-47DB-89AB-6C3B769A517A}
		{648ADE63-DABF-4F0F-9BAB-82720C9CA41A} = {3EE6880F-D3C8-4EFD-9E6C-8646DFC39BCF}
		{B7748D3F-9CFF-479D-904D-EF893C391A90} = {648ADE63-DABF-4F0F-9BAB-82720C9CA41A}
		{C74B350A-FB6A-443C-9CE9-DA92A7ACF424} = {3EE6880F-D3C8-4EFD-9E6C-8646DFC39BCF}
	EndGlobalSection
	GlobalSection(ExtensibilityGlobals) = postSolution
		SolutionGuid = {E29D88E9-87B2-40AB-B4B1-19B5E2FEB01A}
	EndGlobalSection
EndGlobal
